
Microsoft Visual Studio Solution File, Format Version 12.00
# Visual Studio 14
VisualStudioVersion = 14.0.25420.1
MinimumVisualStudioVersion = 10.0.40219.1
Project("{FAE04EC0-301F-11D3-BF4B-00C04F79EFBC}") = "CashMachine.Domain", "CashMachine.Domain\CashMachine.Domain.csproj", "{011037D0-1D7D-4610-BC15-989FD5A15CAA}"
EndProject
Project("{FAE04EC0-301F-11D3-BF4B-00C04F79EFBC}") = "CashMachine.DomainTests", "CachMachine.DomainTests\CashMachine.DomainTests.csproj", "{256EAE6A-4D08-4480-B2C5-004B818033A1}"
EndProject
Project("{FAE04EC0-301F-11D3-BF4B-00C04F79EFBC}") = "CashMachine.Console", "CashMachine.Console\CashMachine.Console.csproj", "{7171644D-6E38-4F94-AA91-12D409C2B3C8}"
EndProject
Global
	GlobalSection(SolutionConfigurationPlatforms) = preSolution
		Debug|Any CPU = Debug|Any CPU
		Release|Any CPU = Release|Any CPU
	EndGlobalSection
	GlobalSection(ProjectConfigurationPlatforms) = postSolution
		{011037D0-1D7D-4610-BC15-989FD5A15CAA}.Debug|Any CPU.ActiveCfg = Debug|Any CPU
		{011037D0-1D7D-4610-BC15-989FD5A15CAA}.Debug|Any CPU.Build.0 = Debug|Any CPU
		{011037D0-1D7D-4610-BC15-989FD5A15CAA}.Release|Any CPU.ActiveCfg = Release|Any CPU
		{011037D0-1D7D-4610-BC15-989FD5A15CAA}.Release|Any CPU.Build.0 = Release|Any CPU
		{256EAE6A-4D08-4480-B2C5-004B818033A1}.Debug|Any CPU.ActiveCfg = Debug|Any CPU
		{256EAE6A-4D08-4480-B2C5-004B818033A1}.Debug|Any CPU.Build.0 = Debug|Any CPU
		{256EAE6A-4D08-4480-B2C5-004B818033A1}.Release|Any CPU.ActiveCfg = Release|Any CPU
		{256EAE6A-4D08-4480-B2C5-004B818033A1}.Release|Any CPU.Build.0 = Release|Any CPU
		{7171644D-6E38-4F94-AA91-12D409C2B3C8}.Debug|Any CPU.ActiveCfg = Debug|Any CPU
		{7171644D-6E38-4F94-AA91-12D409C2B3C8}.Debug|Any CPU.Build.0 = Debug|Any CPU
		{7171644D-6E38-4F94-AA91-12D409C2B3C8}.Release|Any CPU.ActiveCfg = Release|Any CPU
		{7171644D-6E38-4F94-AA91-12D409C2B3C8}.Release|Any CPU.Build.0 = Release|Any CPU
	EndGlobalSection
	GlobalSection(SolutionProperties) = preSolution
		HideSolutionNode = FALSE
	EndGlobalSection
EndGlobal
